
Microsoft Visual Studio Solution File, Format Version 12.00
# Visual Studio Version 16
VisualStudioVersion = 16.0.29728.190
MinimumVisualStudioVersion = 10.0.40219.1
Project("{FAE04EC0-301F-11D3-BF4B-00C04F79EFBC}") = "Struct Generator", "Struct Generator.csproj", "{D0BF7FE2-4F33-48D2-9B0A-F43ACDFA222E}"
EndProject
Global
	GlobalSection(SolutionConfigurationPlatforms) = preSolution
		Debug|Any CPU = Debug|Any CPU
		Release|Any CPU = Release|Any CPU
	EndGlobalSection
	GlobalSection(ProjectConfigurationPlatforms) = postSolution
		{D0BF7FE2-4F33-48D2-9B0A-F43ACDFA222E}.Debug|Any CPU.ActiveCfg = Debug|Any CPU
		{D0BF7FE2-4F33-48D2-9B0A-F43ACDFA222E}.Debug|Any CPU.Build.0 = Debug|Any CPU
		{D0BF7FE2-4F33-48D2-9B0A-F43ACDFA222E}.Release|Any CPU.ActiveCfg = Release|Any CPU
		{D0BF7FE2-4F33-48D2-9B0A-F43ACDFA222E}.Release|Any CPU.Build.0 = Release|Any CPU
	EndGlobalSection
	GlobalSection(SolutionProperties) = preSolution
		HideSolutionNode = FALSE
	EndGlobalSection
	GlobalSection(ExtensibilityGlobals) = postSolution
		SolutionGuid = {8CE055C9-A0B8-44A8-8631-51CED1CE6E1C}
	EndGlobalSection
EndGlobal
